{
  "name": "site-js",
  "version": "1.0.0",
  "lockfileVersion": 3,
  "requires": true,
  "packages": {
    "": {
      "name": "site-js",
      "version": "1.0.0",
      "license": "ISC",
      "dependencies": {
        "fluid-player": "^3.57.0",
        "lightgallery": "^2.7.0"
      },
      "devDependencies": {
        "@types/debounce": "^1.2.0",
        "@types/js-cookie": "^2.2.6",
        "@types/micromodal": "^0.3.2",
        "autocompleter": "^6.1.0",
        "debounce": "^1.2.0",
        "js-cookie": "^2.2.1",
        "micromodal": "^0.4.6",
        "plyr": "^3.8.3"
      }
    },
    "node_modules/@types/debounce": {
      "version": "1.2.0",
      "resolved": "https://registry.npmjs.org/@types/debounce/-/debounce-1.2.0.tgz",
      "integrity": "sha512-bWG5wapaWgbss9E238T0R6bfo5Fh3OkeoSt245CM7JJwVwpw6MEBCbIxLq5z8KzsE3uJhzcIuQkyiZmzV3M/Dw==",
      "dev": true
    },
    "node_modules/@types/js-cookie": {
      "version": "2.2.6",
      "resolved": "https://registry.npmjs.org/@types/js-cookie/-/js-cookie-2.2.6.tgz",
      "integrity": "sha512-+oY0FDTO2GYKEV0YPvSshGq9t7YozVkgvXLty7zogQNuCxBhT9/3INX9Q7H1aRZ4SUDRXAKlJuA4EA5nTt7SNw==",
      "dev": true
    },
    "node_modules/@types/micromodal": {
      "version": "0.3.2",
      "resolved": "https://registry.npmjs.org/@types/micromodal/-/micromodal-0.3.2.tgz",
      "integrity": "sha512-rQAprHsGUqtbngygYKWKpgbmWCbdR6injIeLELVjapsI7xXCjKlbaet62haRG+CLYOacXzlUlS0me8H+3RG1UQ==",
      "dev": true
    },
    "node_modules/autocompleter": {
      "version": "6.1.0",
      "resolved": "https://registry.npmjs.org/autocompleter/-/autocompleter-6.1.0.tgz",
      "integrity": "sha512-w+gPtAuwL+0BY33rwtFaliZ2TW/iJlbQ0AaFFi7sy7kh1MdOM5VpAMJ2s/6yygIkWkLQP8WF+ajlG39Ft8459Q==",
      "dev": true
    },
    "node_modules/bcp-47": {
      "version": "1.0.8",
      "resolved": "https://registry.npmjs.org/bcp-47/-/bcp-47-1.0.8.tgz",
      "integrity": "sha512-Y9y1QNBBtYtv7hcmoX0tR+tUNSFZGZ6OL6vKPObq8BbOhkCoyayF6ogfLTgAli/KuAEbsYHYUNq2AQuY6IuLag==",
      "license": "MIT",
      "dependencies": {
        "is-alphabetical": "^1.0.0",
        "is-alphanumerical": "^1.0.0",
        "is-decimal": "^1.0.0"
      },
      "funding": {
        "type": "github",
        "url": "https://github.com/sponsors/wooorm"
      }
    },
    "node_modules/bcp-47-match": {
      "version": "1.0.3",
      "resolved": "https://registry.npmjs.org/bcp-47-match/-/bcp-47-match-1.0.3.tgz",
      "integrity": "sha512-LggQ4YTdjWQSKELZF5JwchnBa1u0pIQSZf5lSdOHEdbVP55h0qICA/FUp3+W99q0xqxYa1ZQizTUH87gecII5w==",
      "license": "MIT",
      "funding": {
        "type": "github",
        "url": "https://github.com/sponsors/wooorm"
      }
    },
    "node_modules/bcp-47-normalize": {
      "version": "1.1.1",
      "resolved": "https://registry.npmjs.org/bcp-47-normalize/-/bcp-47-normalize-1.1.1.tgz",
      "integrity": "sha512-jWZ1Jdu3cs0EZdfCkS0UE9Gg01PtxnChjEBySeB+Zo6nkqtFfnvtoQQgP1qU1Oo4qgJgxhTI6Sf9y/pZIhPs0A==",
      "license": "MIT",
      "dependencies": {
        "bcp-47": "^1.0.0",
        "bcp-47-match": "^1.0.0"
      },
      "funding": {
        "type": "github",
        "url": "https://github.com/sponsors/wooorm"
      }
    },
    "node_modules/codem-isoboxer": {
      "version": "0.3.9",
      "resolved": "https://registry.npmjs.org/codem-isoboxer/-/codem-isoboxer-0.3.9.tgz",
      "integrity": "sha512-4XOTqEzBWrGOZaMd+sTED2hLpzfBbiQCf1W6OBGkIHqk1D8uwy8WFLazVbdQwfDpQ+vf39lqTGPa9IhWW0roTA==",
      "license": "MIT"
    },
    "node_modules/core-js": {
      "version": "3.47.0",
      "resolved": "https://registry.npmjs.org/core-js/-/core-js-3.47.0.tgz",
      "integrity": "sha512-c3Q2VVkGAUyupsjRnaNX6u8Dq2vAdzm9iuPj5FW0fRxzlxgq9Q39MDq10IvmQSpLgHQNyQzQmOo6bgGHmH3NNg==",
      "dev": true,
      "hasInstallScript": true,
      "license": "MIT",
      "funding": {
        "type": "opencollective",
        "url": "https://opencollective.com/core-js"
      }
    },
    "node_modules/custom-event-polyfill": {
      "version": "1.0.7",
      "resolved": "https://registry.npmjs.org/custom-event-polyfill/-/custom-event-polyfill-1.0.7.tgz",
      "integrity": "sha512-TDDkd5DkaZxZFM8p+1I3yAlvM3rSr1wbrOliG4yJiwinMZN8z/iGL7BTlDkrJcYTmgUSb4ywVCc3ZaUtOtC76w==",
      "dev": true
    },
    "node_modules/dashjs": {
      "version": "4.7.4",
      "resolved": "https://registry.npmjs.org/dashjs/-/dashjs-4.7.4.tgz",
      "integrity": "sha512-+hldo25QPP3H/NOwqUrvt4uKdMse60/Gsz9AUAnoYfhga8qHWq4nWiojUosOiigbigkDTCAn9ORcvUaKCvmfCA==",
      "license": "BSD-3-Clause",
      "dependencies": {
        "bcp-47-match": "^1.0.3",
        "bcp-47-normalize": "^1.1.1",
        "codem-isoboxer": "0.3.9",
        "es6-promise": "^4.2.8",
        "fast-deep-equal": "2.0.1",
        "html-entities": "^1.2.1",
        "imsc": "^1.1.5",
        "localforage": "^1.7.1",
        "path-browserify": "^1.0.1",
        "ua-parser-js": "^1.0.37"
      }
    },
    "node_modules/debounce": {
      "version": "1.2.0",
      "resolved": "https://registry.npmjs.org/debounce/-/debounce-1.2.0.tgz",
      "integrity": "sha512-mYtLl1xfZLi1m4RtQYlZgJUNQjl4ZxVnHzIR8nLLgi4q1YT8o/WM+MK/f8yfcc9s5Ir5zRaPZyZU6xs1Syoocg==",
      "dev": true
    },
    "node_modules/dom-walk": {
      "version": "0.1.2",
      "resolved": "https://registry.npmjs.org/dom-walk/-/dom-walk-0.1.2.tgz",
      "integrity": "sha512-6QvTW9mrGeIegrFXdtQi9pk7O/nSK6lSdXW2eqUspN5LWD7UTji2Fqw5V2YLjBpHEoU9Xl/eUWNpDeZvoyOv2w=="
    },
    "node_modules/es6-promise": {
      "version": "4.2.8",
      "resolved": "https://registry.npmjs.org/es6-promise/-/es6-promise-4.2.8.tgz",
      "integrity": "sha512-HJDGx5daxeIvxdBxvG2cb9g4tEvwIk3i8+nhX0yGrYmZUzbkdg8QbDevheDB8gd0//uPj4c1EQua8Q+MViT0/w==",
      "license": "MIT"
    },
    "node_modules/fast-deep-equal": {
      "version": "2.0.1",
      "resolved": "https://registry.npmjs.org/fast-deep-equal/-/fast-deep-equal-2.0.1.tgz",
      "integrity": "sha512-bCK/2Z4zLidyB4ReuIsvALH6w31YfAQDmXMqMx6FyfHqvBxtjC0eRumeSu4Bs3XtXwpyIywtSTrVT99BxY1f9w==",
      "license": "MIT"
    },
    "node_modules/fluid-player": {
      "version": "3.57.0",
      "resolved": "https://registry.npmjs.org/fluid-player/-/fluid-player-3.57.0.tgz",
      "integrity": "sha512-9WgTSQkZ2WOxsqVr9u2gjO0Cwneuo5p7hNbbBltM10w3BzDC+OesvK0HmFPQWZyRsZGQh9qbHAmSwOGhWdAyJQ==",
      "license": "MIT",
      "dependencies": {
        "dashjs": "^4.5.2",
        "es6-promise": "^4.2.8",
        "hls.js": "^1.5.13",
        "panolens": "^0.12.1",
        "videojs-vtt.js": "^0.15.4"
      }
    },
    "node_modules/global": {
      "version": "4.4.0",
      "resolved": "https://registry.npmjs.org/global/-/global-4.4.0.tgz",
      "integrity": "sha512-wv/LAoHdRE3BeTGz53FAamhGlPLhlssK45usmGFThIi4XqnBmjKQ16u+RNbP7WvigRZDxUsM0J3gcQ5yicaL0w==",
      "license": "MIT",
      "dependencies": {
        "min-document": "^2.19.0",
        "process": "^0.11.10"
      }
    },
    "node_modules/hls.js": {
      "version": "1.6.15",
      "resolved": "https://registry.npmjs.org/hls.js/-/hls.js-1.6.15.tgz",
      "integrity": "sha512-E3a5VwgXimGHwpRGV+WxRTKeSp2DW5DI5MWv34ulL3t5UNmyJWCQ1KmLEHbYzcfThfXG8amBL+fCYPneGHC4VA==",
      "license": "Apache-2.0"
    },
    "node_modules/html-entities": {
      "version": "1.4.0",
      "resolved": "https://registry.npmjs.org/html-entities/-/html-entities-1.4.0.tgz",
      "integrity": "sha512-8nxjcBcd8wovbeKx7h3wTji4e6+rhaVuPNpMqwWgnHh+N9ToqsCs6XztWRBPQ+UtzsoMAdKZtUENoVzU/EMtZA==",
      "license": "MIT"
    },
    "node_modules/immediate": {
      "version": "3.0.6",
      "resolved": "https://registry.npmjs.org/immediate/-/immediate-3.0.6.tgz",
      "integrity": "sha512-XXOFtyqDjNDAQxVfYxuF7g9Il/IbWmmlQg2MYKOH8ExIT1qg6xc4zyS3HaEEATgs1btfzxq15ciUiY7gjSXRGQ==",
      "license": "MIT"
    },
    "node_modules/imsc": {
      "version": "1.1.5",
      "resolved": "https://registry.npmjs.org/imsc/-/imsc-1.1.5.tgz",
      "integrity": "sha512-V8je+CGkcvGhgl2C1GlhqFFiUOIEdwXbXLiu1Fcubvvbo+g9inauqT3l0pNYXGoLPBj3jxtZz9t+wCopMkwadQ==",
      "license": "BSD-2-Clause",
      "dependencies": {
        "sax": "1.2.1"
      }
    },
    "node_modules/is-alphabetical": {
      "version": "1.0.4",
      "resolved": "https://registry.npmjs.org/is-alphabetical/-/is-alphabetical-1.0.4.tgz",
      "integrity": "sha512-DwzsA04LQ10FHTZuL0/grVDk4rFoVH1pjAToYwBrHSxcrBIGQuXrQMtD5U1b0U2XVgKZCTLLP8u2Qxqhy3l2Vg==",
      "license": "MIT",
      "funding": {
        "type": "github",
        "url": "https://github.com/sponsors/wooorm"
      }
    },
    "node_modules/is-alphanumerical": {
      "version": "1.0.4",
      "resolved": "https://registry.npmjs.org/is-alphanumerical/-/is-alphanumerical-1.0.4.tgz",
      "integrity": "sha512-UzoZUr+XfVz3t3v4KyGEniVL9BDRoQtY7tOyrRybkVNjDFWyo1yhXNGrrBTQxp3ib9BLAWs7k2YKBQsFRkZG9A==",
      "license": "MIT",
      "dependencies": {
        "is-alphabetical": "^1.0.0",
        "is-decimal": "^1.0.0"
      },
      "funding": {
        "type": "github",
        "url": "https://github.com/sponsors/wooorm"
      }
    },
    "node_modules/is-decimal": {
      "version": "1.0.4",
      "resolved": "https://registry.npmjs.org/is-decimal/-/is-decimal-1.0.4.tgz",
      "integrity": "sha512-RGdriMmQQvZ2aqaQq3awNA6dCGtKpiDFcOzrTWrDAT2MiWrKQVPmxLGHl7Y2nNu6led0kEyoX0enY0qXYsv9zw==",
      "license": "MIT",
      "funding": {
        "type": "github",
        "url": "https://github.com/sponsors/wooorm"
      }
    },
    "node_modules/js-cookie": {
      "version": "2.2.1",
      "resolved": "https://registry.npmjs.org/js-cookie/-/js-cookie-2.2.1.tgz",
      "integrity": "sha512-HvdH2LzI/EAZcUwA8+0nKNtWHqS+ZmijLA30RwZA0bo7ToCckjK5MkGhjED9KoRcXO6BaGI3I9UIzSA1FKFPOQ==",
      "dev": true
    },
    "node_modules/lie": {
      "version": "3.1.1",
      "resolved": "https://registry.npmjs.org/lie/-/lie-3.1.1.tgz",
      "integrity": "sha512-RiNhHysUjhrDQntfYSfY4MU24coXXdEOgw9WGcKHNeEwffDYbF//u87M1EWaMGzuFoSbqW0C9C6lEEhDOAswfw==",
      "license": "MIT",
      "dependencies": {
        "immediate": "~3.0.5"
      }
    },
    "node_modules/lightgallery": {
      "version": "2.7.0",
      "resolved": "https://registry.npmjs.org/lightgallery/-/lightgallery-2.7.0.tgz",
      "integrity": "sha512-iozIJNxKl3wPWcspCmRdaSYpYy3PjloC8BN0PDwaDOoTA1hsu1IhZdWQWI5cGgMJvnksP94/smElMwn2HS5d3Q==",
      "engines": {
        "node": ">=6.0.0"
      }
    },
    "node_modules/loadjs": {
      "version": "4.3.0",
      "resolved": "https://registry.npmjs.org/loadjs/-/loadjs-4.3.0.tgz",
      "integrity": "sha512-vNX4ZZLJBeDEOBvdr2v/F+0aN5oMuPu7JTqrMwp+DtgK+AryOlpy6Xtm2/HpNr+azEa828oQjOtWsB6iDtSfSQ==",
      "dev": true,
      "license": "MIT"
    },
    "node_modules/localforage": {
      "version": "1.10.0",
      "resolved": "https://registry.npmjs.org/localforage/-/localforage-1.10.0.tgz",
      "integrity": "sha512-14/H1aX7hzBBmmh7sGPd+AOMkkIrHM3Z1PAyGgZigA1H1p5O5ANnMyWzvpAETtG68/dC4pC0ncy3+PPGzXZHPg==",
      "license": "Apache-2.0",
      "dependencies": {
        "lie": "3.1.1"
      }
    },
    "node_modules/micromodal": {
      "version": "0.4.6",
      "resolved": "https://registry.npmjs.org/micromodal/-/micromodal-0.4.6.tgz",
      "integrity": "sha512-2VDso2a22jWPpqwuWT/4RomVpoU3Bl9qF9D01xzwlNp5UVsImeA0gY4nSpF44vqcQtQOtkiMUV9EZkAJSRxBsg==",
      "dev": true,
      "engines": {
        "node": ">=10"
      }
    },
    "node_modules/min-document": {
      "version": "2.19.2",
      "resolved": "https://registry.npmjs.org/min-document/-/min-document-2.19.2.tgz",
      "integrity": "sha512-8S5I8db/uZN8r9HSLFVWPdJCvYOejMcEC82VIzNUc6Zkklf/d1gg2psfE79/vyhWOj4+J8MtwmoOz3TmvaGu5A==",
      "license": "MIT",
      "dependencies": {
        "dom-walk": "^0.1.0"
      }
    },
    "node_modules/panolens": {
      "version": "0.12.1",
      "resolved": "https://registry.npmjs.org/panolens/-/panolens-0.12.1.tgz",
      "integrity": "sha512-2hpjm+rRnDdaLD5Bak49K0Y9/X6vOr1OcyJx5piSA6sCOs1tsgchMgKIwpSGCMpBMHWZ10E/Cz4BIwyXYebt5g==",
      "license": "MIT",
      "dependencies": {
        "three": "^0.105.2"
      }
    },
    "node_modules/path-browserify": {
      "version": "1.0.1",
      "resolved": "https://registry.npmjs.org/path-browserify/-/path-browserify-1.0.1.tgz",
      "integrity": "sha512-b7uo2UCUOYZcnF/3ID0lulOJi/bafxa1xPe7ZPsammBSpjSWQkjNxlt635YGS2MiR9GjvuXCtz2emr3jbsz98g==",
      "license": "MIT"
    },
    "node_modules/plyr": {
      "version": "3.8.3",
      "resolved": "https://registry.npmjs.org/plyr/-/plyr-3.8.3.tgz",
      "integrity": "sha512-0+iI5uw0WRvtKBpgPCkmQQv7ucHVQKTEo6UFJjgJ8cy/JZhy0dQqshHQVitHXV6l2O3MzhgnuvQ95VSkWcWeSw==",
      "dev": true,
      "license": "MIT",
      "dependencies": {
        "core-js": "^3.45.1",
        "custom-event-polyfill": "^1.0.7",
        "loadjs": "^4.3.0",
        "rangetouch": "^2.0.1",
        "url-polyfill": "^1.1.13"
      }
    },
    "node_modules/process": {
      "version": "0.11.10",
      "resolved": "https://registry.npmjs.org/process/-/process-0.11.10.tgz",
      "integrity": "sha512-cdGef/drWFoydD1JsMzuFf8100nZl+GT+yacc2bEced5f9Rjk4z+WtFUTBu9PhOi9j/jfmBPu0mMEY4wIdAF8A==",
      "license": "MIT",
      "engines": {
        "node": ">= 0.6.0"
      }
    },
    "node_modules/rangetouch": {
      "version": "2.0.1",
      "resolved": "https://registry.npmjs.org/rangetouch/-/rangetouch-2.0.1.tgz",
      "integrity": "sha512-sln+pNSc8NGaHoLzwNBssFSf/rSYkqeBXzX1AtJlkJiUaVSJSbRAWJk+4omsXkN+EJalzkZhWQ3th1m0FpR5xA==",
      "dev": true
    },
    "node_modules/sax": {
      "version": "1.2.1",
      "resolved": "https://registry.npmjs.org/sax/-/sax-1.2.1.tgz",
      "integrity": "sha512-8I2a3LovHTOpm7NV5yOyO8IHqgVsfK4+UuySrXU8YXkSRX7k6hCV9b3HrkKCr3nMpgj+0bmocaJJWpvp1oc7ZA==",
      "license": "ISC"
    },
    "node_modules/three": {
      "version": "0.105.2",
      "resolved": "https://registry.npmjs.org/three/-/three-0.105.2.tgz",
      "integrity": "sha512-L3Al37k4g3hVbgFFS251UVtIc25chhyN0/RvXzR0C+uIBToV6EKDG+MZzEXm9L2miGUVMK27W46/VkP6WUZXMg==",
      "license": "MIT"
    },
    "node_modules/ua-parser-js": {
      "version": "1.0.41",
      "resolved": "https://registry.npmjs.org/ua-parser-js/-/ua-parser-js-1.0.41.tgz",
      "integrity": "sha512-LbBDqdIC5s8iROCUjMbW1f5dJQTEFB1+KO9ogbvlb3nm9n4YHa5p4KTvFPWvh2Hs8gZMBuiB1/8+pdfe/tDPug==",
      "funding": [
        {
          "type": "opencollective",
          "url": "https://opencollective.com/ua-parser-js"
        },
        {
          "type": "paypal",
          "url": "https://paypal.me/faisalman"
        },
        {
          "type": "github",
          "url": "https://github.com/sponsors/faisalman"
        }
      ],
      "license": "MIT",
      "bin": {
        "ua-parser-js": "script/cli.js"
      },
      "engines": {
        "node": "*"
      }
    },
    "node_modules/url-polyfill": {
      "version": "1.1.14",
      "resolved": "https://registry.npmjs.org/url-polyfill/-/url-polyfill-1.1.14.tgz",
      "integrity": "sha512-p4f3TTAG6ADVF3mwbXw7hGw+QJyw5CnNGvYh5fCuQQZIiuKUswqcznyV3pGDP9j0TSmC4UvRKm8kl1QsX1diiQ==",
      "dev": true,
      "license": "MIT"
    },
    "node_modules/videojs-vtt.js": {
      "version": "0.15.5",
      "resolved": "https://registry.npmjs.org/videojs-vtt.js/-/videojs-vtt.js-0.15.5.tgz",
      "integrity": "sha512-yZbBxvA7QMYn15Lr/ZfhhLPrNpI/RmCSCqgIff57GC2gIrV5YfyzLfLyZMj0NnZSAz8syB4N0nHXpZg9MyrMOQ==",
      "license": "Apache-2.0",
      "dependencies": {
        "global": "^4.3.1"
      }
    }
  }
}
